
Microsoft Visual Studio Solution File, Format Version 12.00
# Visual Studio Version 16
VisualStudioVersion = 16.0.30114.105
MinimumVisualStudioVersion = 10.0.40219.1
Project("{FAE04EC0-301F-11D3-BF4B-00C04F79EFBC}") = "Clima", "Clima.csproj", "{21EA1104-B311-4002-BC79-13B64093F668}"
EndProject
Global
	GlobalSection(SolutionConfigurationPlatforms) = preSolution
		Debug|Any CPU = Debug|Any CPU
		Release|Any CPU = Release|Any CPU
	EndGlobalSection
	GlobalSection(ProjectConfigurationPlatforms) = postSolution
		{21EA1104-B311-4002-BC79-13B64093F668}.Debug|Any CPU.ActiveCfg = Debug|Any CPU
		{21EA1104-B311-4002-BC79-13B64093F668}.Debug|Any CPU.Build.0 = Debug|Any CPU
		{21EA1104-B311-4002-BC79-13B64093F668}.Release|Any CPU.ActiveCfg = Release|Any CPU
		{21EA1104-B311-4002-BC79-13B64093F668}.Release|Any CPU.Build.0 = Release|Any CPU
	EndGlobalSection
	GlobalSection(SolutionProperties) = preSolution
		HideSolutionNode = FALSE
	EndGlobalSection
	GlobalSection(ExtensibilityGlobals) = postSolution
		SolutionGuid = {5C312DE3-03A5-46A6-AB20-78CD58CCD64A}
	EndGlobalSection
EndGlobal
